
Microsoft Visual Studio Solution File, Format Version 12.00
# Visual Studio Version 16
VisualStudioVersion = 16.0.31702.278
MinimumVisualStudioVersion = 10.0.40219.1
Project("{FAE04EC0-301F-11D3-BF4B-00C04F79EFBC}") = "WpfApp10", "WpfApp10\WpfApp10.csproj", "{3CB84D54-3206-42C6-872E-819184CA94BA}"
EndProject
Global
	GlobalSection(SolutionConfigurationPlatforms) = preSolution
		Debug|Any CPU = Debug|Any CPU
		Release|Any CPU = Release|Any CPU
	EndGlobalSection
	GlobalSection(ProjectConfigurationPlatforms) = postSolution
		{3CB84D54-3206-42C6-872E-819184CA94BA}.Debug|Any CPU.ActiveCfg = Debug|Any CPU
		{3CB84D54-3206-42C6-872E-819184CA94BA}.Debug|Any CPU.Build.0 = Debug|Any CPU
		{3CB84D54-3206-42C6-872E-819184CA94BA}.Release|Any CPU.ActiveCfg = Release|Any CPU
		{3CB84D54-3206-42C6-872E-819184CA94BA}.Release|Any CPU.Build.0 = Release|Any CPU
	EndGlobalSection
	GlobalSection(SolutionProperties) = preSolution
		HideSolutionNode = FALSE
	EndGlobalSection
	GlobalSection(ExtensibilityGlobals) = postSolution
		SolutionGuid = {764F371E-3ECE-48D0-8CD3-E9B56123D13E}
	EndGlobalSection
EndGlobal
